
Microsoft Visual Studio Solution File, Format Version 12.00
# Visual Studio Version 17
VisualStudioVersion = 17.3.32825.248
MinimumVisualStudioVersion = 10.0.40219.1
Project("{FAE04EC0-301F-11D3-BF4B-00C04F79EFBC}") = "DataBinđing", "DataBinđing\DataBinđing.csproj", "{B14BDCC0-A69F-4C10-847F-537CA0A6472D}"
EndProject
Global
	GlobalSection(SolutionConfigurationPlatforms) = preSolution
		Debug|Any CPU = Debug|Any CPU
		Release|Any CPU = Release|Any CPU
	EndGlobalSection
	GlobalSection(ProjectConfigurationPlatforms) = postSolution
		{B14BDCC0-A69F-4C10-847F-537CA0A6472D}.Debug|Any CPU.ActiveCfg = Debug|Any CPU
		{B14BDCC0-A69F-4C10-847F-537CA0A6472D}.Debug|Any CPU.Build.0 = Debug|Any CPU
		{B14BDCC0-A69F-4C10-847F-537CA0A6472D}.Release|Any CPU.ActiveCfg = Release|Any CPU
		{B14BDCC0-A69F-4C10-847F-537CA0A6472D}.Release|Any CPU.Build.0 = Release|Any CPU
	EndGlobalSection
	GlobalSection(SolutionProperties) = preSolution
		HideSolutionNode = FALSE
	EndGlobalSection
	GlobalSection(ExtensibilityGlobals) = postSolution
		SolutionGuid = {7AE5A7C2-00F5-4FA8-AED4-44625F2A5AAA}
	EndGlobalSection
EndGlobal
