
Microsoft Visual Studio Solution File, Format Version 12.00
# Visual Studio Version 17
VisualStudioVersion = 17.3.32825.248
MinimumVisualStudioVersion = 10.0.40219.1
Project("{FAE04EC0-301F-11D3-BF4B-00C04F79EFBC}") = "DemoCommonControls", "frmEmployeeDetails\DemoCommonControls.csproj", "{FAB3C720-BB02-4397-811F-5A845A7C9537}"
EndProject
Global
	GlobalSection(SolutionConfigurationPlatforms) = preSolution
		Debug|Any CPU = Debug|Any CPU
		Release|Any CPU = Release|Any CPU
	EndGlobalSection
	GlobalSection(ProjectConfigurationPlatforms) = postSolution
		{FAB3C720-BB02-4397-811F-5A845A7C9537}.Debug|Any CPU.ActiveCfg = Debug|Any CPU
		{FAB3C720-BB02-4397-811F-5A845A7C9537}.Debug|Any CPU.Build.0 = Debug|Any CPU
		{FAB3C720-BB02-4397-811F-5A845A7C9537}.Release|Any CPU.ActiveCfg = Release|Any CPU
		{FAB3C720-BB02-4397-811F-5A845A7C9537}.Release|Any CPU.Build.0 = Release|Any CPU
	EndGlobalSection
	GlobalSection(SolutionProperties) = preSolution
		HideSolutionNode = FALSE
	EndGlobalSection
	GlobalSection(ExtensibilityGlobals) = postSolution
		SolutionGuid = {BDFDB3CE-5734-4C97-B620-18B9EF5C7D93}
	EndGlobalSection
EndGlobal
