
Microsoft Visual Studio Solution File, Format Version 12.00
# Visual Studio Version 17
VisualStudioVersion = 17.3.32825.248
MinimumVisualStudioVersion = 10.0.40219.1
Project("{FAE04EC0-301F-11D3-BF4B-00C04F79EFBC}") = "example_linq", "exsmple_linq\example_linq.csproj", "{EF00EC12-E5DD-4570-883D-DD61DF97D7ED}"
EndProject
Global
	GlobalSection(SolutionConfigurationPlatforms) = preSolution
		Debug|Any CPU = Debug|Any CPU
		Release|Any CPU = Release|Any CPU
	EndGlobalSection
	GlobalSection(ProjectConfigurationPlatforms) = postSolution
		{EF00EC12-E5DD-4570-883D-DD61DF97D7ED}.Debug|Any CPU.ActiveCfg = Debug|Any CPU
		{EF00EC12-E5DD-4570-883D-DD61DF97D7ED}.Debug|Any CPU.Build.0 = Debug|Any CPU
		{EF00EC12-E5DD-4570-883D-DD61DF97D7ED}.Release|Any CPU.ActiveCfg = Release|Any CPU
		{EF00EC12-E5DD-4570-883D-DD61DF97D7ED}.Release|Any CPU.Build.0 = Release|Any CPU
	EndGlobalSection
	GlobalSection(SolutionProperties) = preSolution
		HideSolutionNode = FALSE
	EndGlobalSection
	GlobalSection(ExtensibilityGlobals) = postSolution
		SolutionGuid = {1183D7C7-21F0-48DD-9990-54F543F24AA7}
	EndGlobalSection
EndGlobal
